# This file is automatically @generated by Cargo.
# It is not intended for manual editing.
version = 4

[[package]]
name = "hello"
version = "0.1.0"
dependencies = [
 "micros-abi",
 "rlibc",
]

[[package]]
name = "init"
version = "0.1.0"
dependencies = [
 "micros-abi",
 "rlibc",
]

[[package]]
name = "micros-abi"
version = "0.1.0"

[[package]]
name = "rlibc"
version = "0.1.0"
dependencies = [
 "micros-abi",
]

[[package]]
name = "wm"
version = "0.1.0"
dependencies = [
 "micros-abi",
 "rlibc",
]
